{
  "requires": true,
  "lockfileVersion": 1,
  "dependencies": {
    "@progress/kendo-charts": {
      "version": "1.24.0",
      "resolved": "https://registry.npmjs.org/@progress/kendo-charts/-/kendo-charts-1.24.0.tgz",
      "integrity": "sha512-5INjhHWiJ1Lfr49AS4AMuobB3CPgCPuqpEDiOxxuZEWrJktA23KJE7xKaeGsoNHS0LsFM37A9yUedbIWnXAnNA=="
    },
    "@progress/kendo-draggable-common": {
      "version": "0.2.2",
      "resolved": "https://registry.npmjs.org/@progress/kendo-draggable-common/-/kendo-draggable-common-0.2.2.tgz",
      "integrity": "sha512-4IBX9Yj+ztx3LiG6GZZDrQrFAy7uULSsYonqWF9Aa6FgoKoRE9YH+NxCPuj+HE1gEP68tOGdTng1Oxm0UiUO9g==",
      "requires": {
        "tslib": "^1.7.0"
      }
    },
    "@progress/kendo-popup-common": {
      "version": "1.9.0",
      "resolved": "https://registry.npmjs.org/@progress/kendo-popup-common/-/kendo-popup-common-1.9.0.tgz",
      "integrity": "sha512-03FmQtRI2le3x78N1szlhtUkOyruq9aSf2SYCoyvd72mX9V9yAbqsoKByuFDazEbjHyHFkAmj32GrimWHevLCg=="
    },
    "@progress/kendo-react-charts": {
      "version": "5.5.0",
      "resolved": "https://registry.npmjs.org/@progress/kendo-react-charts/-/kendo-react-charts-5.5.0.tgz",
      "integrity": "sha512-AcjWkOBj1KkYS5mqcKbQUuO4YY7sw5UP/Nr+HUt+XoZy7P0c9oFKFGuVskAXTNbtC3gH5N5z339BDP+dEUwO2g==",
      "requires": {
        "@progress/kendo-charts": "^1.24.0",
        "@progress/kendo-react-common": "5.5.0",
        "@progress/kendo-react-popup": "5.5.0",
        "prop-types": "^15.6.0"
      }
    },
    "@progress/kendo-react-common": {
      "version": "5.5.0",
      "resolved": "https://registry.npmjs.org/@progress/kendo-react-common/-/kendo-react-common-5.5.0.tgz",
      "integrity": "sha512-tA+zuchrXAJi6ssdyrUzLdPlZTqiWhTXboZ6aIzYi4u8dW/7X9MGv0kZ769YUejuG4hUEXehRXu/13psfjuJag==",
      "requires": {
        "@progress/kendo-draggable-common": "^0.2.1",
        "prop-types": "^15.6.0"
      }
    },
    "@progress/kendo-react-popup": {
      "version": "5.5.0",
      "resolved": "https://registry.npmjs.org/@progress/kendo-react-popup/-/kendo-react-popup-5.5.0.tgz",
      "integrity": "sha512-ZIG2JDuqKJVHn8GGYoY4nFJEl7bMUOvrlslmnwdpeRHek5iUEuuThCEdLtcrbNOlGje9lwwNRg6g92tLz9kdUQ==",
      "requires": {
        "@progress/kendo-popup-common": "1.9.0",
        "@progress/kendo-react-common": "5.5.0",
        "prop-types": "^15.6.0"
      }
    },
    "js-tokens": {
      "version": "4.0.0",
      "resolved": "https://registry.npmjs.org/js-tokens/-/js-tokens-4.0.0.tgz",
      "integrity": "sha512-RdJUflcE3cUzKiMqQgsCu06FPu9UdIJO0beYbPhHN4k6apgJtifcoCtT9bcxOpYBtpD2kCM6Sbzg4CausW/PKQ=="
    },
    "loose-envify": {
      "version": "1.4.0",
      "resolved": "https://registry.npmjs.org/loose-envify/-/loose-envify-1.4.0.tgz",
      "integrity": "sha512-lyuxPGr/Wfhrlem2CL/UcnUc1zcqKAImBDzukY7Y5F/yQiNdko6+fRLevlw1HgMySw7f611UIY408EtxRSoK3Q==",
      "requires": {
        "js-tokens": "^3.0.0 || ^4.0.0"
      }
    },
    "object-assign": {
      "version": "4.1.1",
      "resolved": "https://registry.npmjs.org/object-assign/-/object-assign-4.1.1.tgz",
      "integrity": "sha512-rJgTQnkUnH1sFw8yT6VSU3zD3sWmu6sZhIseY8VX+GRu3P6F7Fu+JNDoXfklElbLJSnc3FUQHVe4cU5hj+BcUg=="
    },
    "prop-types": {
      "version": "15.8.1",
      "resolved": "https://registry.npmjs.org/prop-types/-/prop-types-15.8.1.tgz",
      "integrity": "sha512-oj87CgZICdulUohogVAR7AjlC0327U4el4L6eAvOqCeudMDVU0NThNaV+b9Df4dXgSP1gXMTnPdhfe/2qDH5cg==",
      "requires": {
        "loose-envify": "^1.4.0",
        "object-assign": "^4.1.1",
        "react-is": "^16.13.1"
      }
    },
    "react-is": {
      "version": "16.13.1",
      "resolved": "https://registry.npmjs.org/react-is/-/react-is-16.13.1.tgz",
      "integrity": "sha512-24e6ynE2H+OKt4kqsOvNd8kBpV65zoxbA4BVsEOB3ARVWQki/DHzaUoC5KuON/BiccDaCCTZBuOcfZs70kR8bQ=="
    },
    "tslib": {
      "version": "1.14.1",
      "resolved": "https://registry.npmjs.org/tslib/-/tslib-1.14.1.tgz",
      "integrity": "sha512-Xni35NKzjgMrwevysHTCArtLDpPvye8zV/0E4EyYn43P7/7qvQwPh9BGkHewbMulVntbigmcT7rdX3BNo9wRJg=="
    }
  }
}
